{
  "name": "testcafe_workshop_v1",
  "version": "1.0.0",
  "lockfileVersion": 1,
  "requires": true,
  "dependencies": {
    "dotenv": {
      "version": "8.2.0",
      "resolved": "https://registry.npmjs.org/dotenv/-/dotenv-8.2.0.tgz",
      "integrity": "sha512-8sJ78ElpbDJBHNeBzUbUVLsqKdccaa/BXF1uPTw3GrvQTBgrQrtObr2mUrE38vzYd8cEv+m/JBfDLioYcfXoaw=="
    },
    "spec": {
      "version": "1.0.1",
      "resolved": "https://registry.npmjs.org/spec/-/spec-1.0.1.tgz",
      "integrity": "sha1-2/dQSqH8P7KVtk8vh/7XkJa8GwQ="
    },
    "testcafe-reporter-spec": {
      "version": "2.1.1",
      "resolved": "https://registry.npmjs.org/testcafe-reporter-spec/-/testcafe-reporter-spec-2.1.1.tgz",
      "integrity": "sha1-gVb87Q9RMkhlWa1WC8gGdkaSdew="
    },
    "testcafe-reporter-spec-time": {
      "version": "4.0.0",
      "resolved": "https://registry.npmjs.org/testcafe-reporter-spec-time/-/testcafe-reporter-spec-time-4.0.0.tgz",
      "integrity": "sha512-uGXbvN4eZ/AcBy83Fjk1oqdZk/17npHXbHYJy4aZZFP/pw61ne/Ynpnm5vxn3sqV5oUL2G3doPHDyunnKsvUAg=="
    }
  }
}
